{
    "requires": true,
    "lockfileVersion": 1,
    "dependencies": {
        "vuetify": {
            "version": "1.3.5",
            "resolved": "https://registry.npmjs.org/vuetify/-/vuetify-1.3.5.tgz",
            "integrity": "sha512-81otPD6/hTiDGzFWyqATEMgsOsKdj+MLJrgOkR7zmwIDnKBlE04HWhhpTosKPugxI3g+SXdY8ha0cf3WWNhMzA=="
        }
    }
}
